// !$*UTF8*$!
{
	archiveVersion = 1;
	classes = {
	};
	objectVersion = 51;
	objects = {

/* Begin PBXBuildFile section */
		B60B1E4424BEB76000402F04 /* SearchContentTableViewCell.swift in Sources */ = {isa = PBXBuildFile; fileRef = B60B1E4324BEB76000402F04 /* SearchContentTableViewCell.swift */; };
		B60B1E4624BF0EB900402F04 /* SearchResultViewController.swift in Sources */ = {isa = PBXBuildFile; fileRef = B60B1E4524BF0EB900402F04 /* SearchResultViewController.swift */; };
		B638BF3B24B6CBD7000FF7B8 /* ChapterListTableViewCell.swift in Sources */ = {isa = PBXBuildFile; fileRef = B638BF3A24B6CBD7000FF7B8 /* ChapterListTableViewCell.swift */; };
		B638BF4224B7320A000FF7B8 /* Chapter.swift in Sources */ = {isa = PBXBuildFile; fileRef = B638BF4124B7320A000FF7B8 /* Chapter.swift */; };
		B65BB28F24B2D98A005E5E71 /* AppDelegate.swift in Sources */ = {isa = PBXBuildFile; fileRef = B65BB28E24B2D98A005E5E71 /* AppDelegate.swift */; };
		B65BB29124B2D98A005E5E71 /* MainViewController.swift in Sources */ = {isa = PBXBuildFile; fileRef = B65BB29024B2D98A005E5E71 /* MainViewController.swift */; };
		B65BB29424B2D98A005E5E71 /* Main.storyboard in Resources */ = {isa = PBXBuildFile; fileRef = B65BB29224B2D98A005E5E71 /* Main.storyboard */; };
		B65BB29724B2D98A005E5E71 /* MangaRead.xcdatamodeld in Sources */ = {isa = PBXBuildFile; fileRef = B65BB29524B2D98A005E5E71 /* MangaRead.xcdatamodeld */; };
		B65BB29924B2D98B005E5E71 /* Assets.xcassets in Resources */ = {isa = PBXBuildFile; fileRef = B65BB29824B2D98B005E5E71 /* Assets.xcassets */; };
		B65BB29C24B2D98B005E5E71 /* LaunchScreen.storyboard in Resources */ = {isa = PBXBuildFile; fileRef = B65BB29A24B2D98B005E5E71 /* LaunchScreen.storyboard */; };
		B65BB2A724B2D98B005E5E71 /* MangaReadTests.swift in Sources */ = {isa = PBXBuildFile; fileRef = B65BB2A624B2D98B005E5E71 /* MangaReadTests.swift */; };
		B65BB2B224B2D98B005E5E71 /* MangaReadUITests.swift in Sources */ = {isa = PBXBuildFile; fileRef = B65BB2B124B2D98B005E5E71 /* MangaReadUITests.swift */; };
		B65BB2C024B2DCF7005E5E71 /* GetData.swift in Sources */ = {isa = PBXBuildFile; fileRef = B65BB2BF24B2DCF7005E5E71 /* GetData.swift */; };
		B65BC19024B44E2200128D42 /* CollectionViewCell.swift in Sources */ = {isa = PBXBuildFile; fileRef = B65BC18F24B44E2200128D42 /* CollectionViewCell.swift */; };
		B65BC19224B450B800128D42 /* Manga.swift in Sources */ = {isa = PBXBuildFile; fileRef = B65BC19124B450B800128D42 /* Manga.swift */; };
		B65BC19424B4539400128D42 /* Global.swift in Sources */ = {isa = PBXBuildFile; fileRef = B65BC19324B4539400128D42 /* Global.swift */; };
		B65BC19E24B483E100128D42 /* MangaDetail.swift in Sources */ = {isa = PBXBuildFile; fileRef = B65BC19D24B483E100128D42 /* MangaDetail.swift */; };
		B66C4F0E24B81A44005163E7 /* ReadViewController.swift in Sources */ = {isa = PBXBuildFile; fileRef = B66C4F0D24B81A44005163E7 /* ReadViewController.swift */; };
		B67CC38324BC0F8F009705AA /* TabReadingViewController.swift in Sources */ = {isa = PBXBuildFile; fileRef = B67CC38224BC0F8F009705AA /* TabReadingViewController.swift */; };
		B67CC38524BC1132009705AA /* TabReadingCollectionViewCell.swift in Sources */ = {isa = PBXBuildFile; fileRef = B67CC38424BC1132009705AA /* TabReadingCollectionViewCell.swift */; };
		B67CC38B24BC362D009705AA /* MangaCache.swift in Sources */ = {isa = PBXBuildFile; fileRef = B67CC38A24BC362D009705AA /* MangaCache.swift */; };
		B67E5DD824BDA2010021A9B1 /* SearchViewController.swift in Sources */ = {isa = PBXBuildFile; fileRef = B67E5DD724BDA2010021A9B1 /* SearchViewController.swift */; };
		B67E5DE324BDB8D40021A9B1 /* SearchTitleTableViewCell.swift in Sources */ = {isa = PBXBuildFile; fileRef = B67E5DE224BDB8D40021A9B1 /* SearchTitleTableViewCell.swift */; };
		B67E5DE524BDB9030021A9B1 /* SearchReleaseTableViewCell.swift in Sources */ = {isa = PBXBuildFile; fileRef = B67E5DE424BDB9030021A9B1 /* SearchReleaseTableViewCell.swift */; };
		B67E5DE724BDB92F0021A9B1 /* SearchGenreTableViewCell.swift in Sources */ = {isa = PBXBuildFile; fileRef = B67E5DE624BDB92F0021A9B1 /* SearchGenreTableViewCell.swift */; };
		B67E5DE924BDBA780021A9B1 /* SearchContentCollectionViewCell.swift in Sources */ = {isa = PBXBuildFile; fileRef = B67E5DE824BDBA780021A9B1 /* SearchContentCollectionViewCell.swift */; };
		B67E5DEB24BDC7900021A9B1 /* ReleaseYearViewController.swift in Sources */ = {isa = PBXBuildFile; fileRef = B67E5DEA24BDC7900021A9B1 /* ReleaseYearViewController.swift */; };
		B67E5DED24BDC7A60021A9B1 /* GenreListViewController.swift in Sources */ = {isa = PBXBuildFile; fileRef = B67E5DEC24BDC7A60021A9B1 /* GenreListViewController.swift */; };
		B67E5DF024BDCA170021A9B1 /* YearCollectionViewCell.swift in Sources */ = {isa = PBXBuildFile; fileRef = B67E5DEF24BDCA170021A9B1 /* YearCollectionViewCell.swift */; };
		B67E5DF224BDCA570021A9B1 /* GenreCollectionViewCell.swift in Sources */ = {isa = PBXBuildFile; fileRef = B67E5DF124BDCA570021A9B1 /* GenreCollectionViewCell.swift */; };
		B6CF8D0424B5ABA900EAE6F2 /* HeaderCollectionReusableView.swift in Sources */ = {isa = PBXBuildFile; fileRef = B6CF8D0324B5ABA900EAE6F2 /* HeaderCollectionReusableView.swift */; };
		B6CF8D0624B5AC6300EAE6F2 /* FooterCollectionReusableView.swift in Sources */ = {isa = PBXBuildFile; fileRef = B6CF8D0524B5AC6300EAE6F2 /* FooterCollectionReusableView.swift */; };
		B6CF8D0824B5D03E00EAE6F2 /* MangaDetailViewController.swift in Sources */ = {isa = PBXBuildFile; fileRef = B6CF8D0724B5D03E00EAE6F2 /* MangaDetailViewController.swift */; };
		B6CF8D0A24B5DEAE00EAE6F2 /* MangaDetailTableViewCell.swift in Sources */ = {isa = PBXBuildFile; fileRef = B6CF8D0924B5DEAE00EAE6F2 /* MangaDetailTableViewCell.swift */; };
		CBD6E52202C13D848270E00E /* Pods_MangaRead.framework in Frameworks */ = {isa = PBXBuildFile; fileRef = 119AFB5FD851828A969D9234 /* Pods_MangaRead.framework */; };
/* End PBXBuildFile section */

/* Begin PBXContainerItemProxy section */
		B65BB2A324B2D98B005E5E71 /* PBXContainerItemProxy */ = {
			isa = PBXContainerItemProxy;
			containerPortal = B65BB28324B2D98A005E5E71 /* Project object */;
			proxyType = 1;
			remoteGlobalIDString = B65BB28A24B2D98A005E5E71;
			remoteInfo = MangaRead;
		};
		B65BB2AE24B2D98B005E5E71 /* PBXContainerItemProxy */ = {
			isa = PBXContainerItemProxy;
			containerPortal = B65BB28324B2D98A005E5E71 /* Project object */;
			proxyType = 1;
			remoteGlobalIDString = B65BB28A24B2D98A005E5E71;
			remoteInfo = MangaRead;
		};
/* End PBXContainerItemProxy section */

/* Begin PBXFileReference section */
		119AFB5FD851828A969D9234 /* Pods_MangaRead.framework */ = {isa = PBXFileReference; explicitFileType = wrapper.framework; includeInIndex = 0; path = Pods_MangaRead.framework; sourceTree = BUILT_PRODUCTS_DIR; };
		9782A8E29E89E905EE7FF6B3 /* Pods-MangaRead.release.xcconfig */ = {isa = PBXFileReference; includeInIndex = 1; lastKnownFileType = text.xcconfig; name = "Pods-MangaRead.release.xcconfig"; path = "Target Support Files/Pods-MangaRead/Pods-MangaRead.release.xcconfig"; sourceTree = "<group>"; };
		B60B1E4324BEB76000402F04 /* SearchContentTableViewCell.swift */ = {isa = PBXFileReference; lastKnownFileType = sourcecode.swift; path = SearchContentTableViewCell.swift; sourceTree = "<group>"; };
		B60B1E4524BF0EB900402F04 /* SearchResultViewController.swift */ = {isa = PBXFileReference; lastKnownFileType = sourcecode.swift; path = SearchResultViewController.swift; sourceTree = "<group>"; };
		B638BF3A24B6CBD7000FF7B8 /* ChapterListTableViewCell.swift */ = {isa = PBXFileReference; lastKnownFileType = sourcecode.swift; path = ChapterListTableViewCell.swift; sourceTree = "<group>"; };
		B638BF4124B7320A000FF7B8 /* Chapter.swift */ = {isa = PBXFileReference; lastKnownFileType = sourcecode.swift; path = Chapter.swift; sourceTree = "<group>"; };
		B65BB28B24B2D98A005E5E71 /* MangaRead.app */ = {isa = PBXFileReference; explicitFileType = wrapper.application; includeInIndex = 0; path = MangaRead.app; sourceTree = BUILT_PRODUCTS_DIR; };
		B65BB28E24B2D98A005E5E71 /* AppDelegate.swift */ = {isa = PBXFileReference; lastKnownFileType = sourcecode.swift; path = AppDelegate.swift; sourceTree = "<group>"; };
		B65BB29024B2D98A005E5E71 /* MainViewController.swift */ = {isa = PBXFileReference; lastKnownFileType = sourcecode.swift; path = MainViewController.swift; sourceTree = "<group>"; };
		B65BB29324B2D98A005E5E71 /* Base */ = {isa = PBXFileReference; lastKnownFileType = file.storyboard; name = Base; path = Base.lproj/Main.storyboard; sourceTree = "<group>"; };
		B65BB29624B2D98A005E5E71 /* MangaRead.xcdatamodel */ = {isa = PBXFileReference; lastKnownFileType = wrapper.xcdatamodel; path = MangaRead.xcdatamodel; sourceTree = "<group>"; };
		B65BB29824B2D98B005E5E71 /* Assets.xcassets */ = {isa = PBXFileReference; lastKnownFileType = folder.assetcatalog; path = Assets.xcassets; sourceTree = "<group>"; };
		B65BB29B24B2D98B005E5E71 /* Base */ = {isa = PBXFileReference; lastKnownFileType = file.storyboard; name = Base; path = Base.lproj/LaunchScreen.storyboard; sourceTree = "<group>"; };
		B65BB29D24B2D98B005E5E71 /* Info.plist */ = {isa = PBXFileReference; lastKnownFileType = text.plist.xml; path = Info.plist; sourceTree = "<group>"; };
		B65BB2A224B2D98B005E5E71 /* MangaReadTests.xctest */ = {isa = PBXFileReference; explicitFileType = wrapper.cfbundle; includeInIndex = 0; path = MangaReadTests.xctest; sourceTree = BUILT_PRODUCTS_DIR; };
		B65BB2A624B2D98B005E5E71 /* MangaReadTests.swift */ = {isa = PBXFileReference; lastKnownFileType = sourcecode.swift; path = MangaReadTests.swift; sourceTree = "<group>"; };
		B65BB2A824B2D98B005E5E71 /* Info.plist */ = {isa = PBXFileReference; lastKnownFileType = text.plist.xml; path = Info.plist; sourceTree = "<group>"; };
		B65BB2AD24B2D98B005E5E71 /* MangaReadUITests.xctest */ = {isa = PBXFileReference; explicitFileType = wrapper.cfbundle; includeInIndex = 0; path = MangaReadUITests.xctest; sourceTree = BUILT_PRODUCTS_DIR; };
		B65BB2B124B2D98B005E5E71 /* MangaReadUITests.swift */ = {isa = PBXFileReference; lastKnownFileType = sourcecode.swift; path = MangaReadUITests.swift; sourceTree = "<group>"; };
		B65BB2B324B2D98B005E5E71 /* Info.plist */ = {isa = PBXFileReference; lastKnownFileType = text.plist.xml; path = Info.plist; sourceTree = "<group>"; };
		B65BB2BF24B2DCF7005E5E71 /* GetData.swift */ = {isa = PBXFileReference; lastKnownFileType = sourcecode.swift; path = GetData.swift; sourceTree = "<group>"; };
		B65BC18F24B44E2200128D42 /* CollectionViewCell.swift */ = {isa = PBXFileReference; lastKnownFileType = sourcecode.swift; path = CollectionViewCell.swift; sourceTree = "<group>"; };
		B65BC19124B450B800128D42 /* Manga.swift */ = {isa = PBXFileReference; lastKnownFileType = sourcecode.swift; path = Manga.swift; sourceTree = "<group>"; };
		B65BC19324B4539400128D42 /* Global.swift */ = {isa = PBXFileReference; lastKnownFileType = sourcecode.swift; path = Global.swift; sourceTree = "<group>"; };
		B65BC19D24B483E100128D42 /* MangaDetail.swift */ = {isa = PBXFileReference; lastKnownFileType = sourcecode.swift; path = MangaDetail.swift; sourceTree = "<group>"; };
		B66C4F0D24B81A44005163E7 /* ReadViewController.swift */ = {isa = PBXFileReference; lastKnownFileType = sourcecode.swift; path = ReadViewController.swift; sourceTree = "<group>"; };
		B67CC38224BC0F8F009705AA /* TabReadingViewController.swift */ = {isa = PBXFileReference; lastKnownFileType = sourcecode.swift; path = TabReadingViewController.swift; sourceTree = "<group>"; };
		B67CC38424BC1132009705AA /* TabReadingCollectionViewCell.swift */ = {isa = PBXFileReference; lastKnownFileType = sourcecode.swift; path = TabReadingCollectionViewCell.swift; sourceTree = "<group>"; };
		B67CC38A24BC362D009705AA /* MangaCache.swift */ = {isa = PBXFileReference; lastKnownFileType = sourcecode.swift; path = MangaCache.swift; sourceTree = "<group>"; };
		B67E5DD724BDA2010021A9B1 /* SearchViewController.swift */ = {isa = PBXFileReference; lastKnownFileType = sourcecode.swift; path = SearchViewController.swift; sourceTree = "<group>"; };
		B67E5DE224BDB8D40021A9B1 /* SearchTitleTableViewCell.swift */ = {isa = PBXFileReference; lastKnownFileType = sourcecode.swift; path = SearchTitleTableViewCell.swift; sourceTree = "<group>"; };
		B67E5DE424BDB9030021A9B1 /* SearchReleaseTableViewCell.swift */ = {isa = PBXFileReference; lastKnownFileType = sourcecode.swift; path = SearchReleaseTableViewCell.swift; sourceTree = "<group>"; };
		B67E5DE624BDB92F0021A9B1 /* SearchGenreTableViewCell.swift */ = {isa = PBXFileReference; lastKnownFileType = sourcecode.swift; path = SearchGenreTableViewCell.swift; sourceTree = "<group>"; };
		B67E5DE824BDBA780021A9B1 /* SearchContentCollectionViewCell.swift */ = {isa = PBXFileReference; lastKnownFileType = sourcecode.swift; path = SearchContentCollectionViewCell.swift; sourceTree = "<group>"; };
		B67E5DEA24BDC7900021A9B1 /* ReleaseYearViewController.swift */ = {isa = PBXFileReference; lastKnownFileType = sourcecode.swift; path = ReleaseYearViewController.swift; sourceTree = "<group>"; };
		B67E5DEC24BDC7A60021A9B1 /* GenreListViewController.swift */ = {isa = PBXFileReference; lastKnownFileType = sourcecode.swift; path = GenreListViewController.swift; sourceTree = "<group>"; };
		B67E5DEF24BDCA170021A9B1 /* YearCollectionViewCell.swift */ = {isa = PBXFileReference; lastKnownFileType = sourcecode.swift; path = YearCollectionViewCell.swift; sourceTree = "<group>"; };
		B67E5DF124BDCA570021A9B1 /* GenreCollectionViewCell.swift */ = {isa = PBXFileReference; lastKnownFileType = sourcecode.swift; path = GenreCollectionViewCell.swift; sourceTree = "<group>"; };
		B6CF8D0324B5ABA900EAE6F2 /* HeaderCollectionReusableView.swift */ = {isa = PBXFileReference; lastKnownFileType = sourcecode.swift; path = HeaderCollectionReusableView.swift; sourceTree = "<group>"; };
		B6CF8D0524B5AC6300EAE6F2 /* FooterCollectionReusableView.swift */ = {isa = PBXFileReference; lastKnownFileType = sourcecode.swift; path = FooterCollectionReusableView.swift; sourceTree = "<group>"; };
		B6CF8D0724B5D03E00EAE6F2 /* MangaDetailViewController.swift */ = {isa = PBXFileReference; lastKnownFileType = sourcecode.swift; path = MangaDetailViewController.swift; sourceTree = "<group>"; };
		B6CF8D0924B5DEAE00EAE6F2 /* MangaDetailTableViewCell.swift */ = {isa = PBXFileReference; lastKnownFileType = sourcecode.swift; path = MangaDetailTableViewCell.swift; sourceTree = "<group>"; };
		EB9194421B074206BA960C3E /* Pods-MangaRead.debug.xcconfig */ = {isa = PBXFileReference; includeInIndex = 1; lastKnownFileType = text.xcconfig; name = "Pods-MangaRead.debug.xcconfig"; path = "Target Support Files/Pods-MangaRead/Pods-MangaRead.debug.xcconfig"; sourceTree = "<group>"; };
/* End PBXFileReference section */

/* Begin PBXFrameworksBuildPhase section */
		B65BB28824B2D98A005E5E71 /* Frameworks */ = {
			isa = PBXFrameworksBuildPhase;
			buildActionMask = 2147483647;
			files = (
				CBD6E52202C13D848270E00E /* Pods_MangaRead.framework in Frameworks */,
			);
			runOnlyForDeploymentPostprocessing = 0;
		};
		B65BB29F24B2D98B005E5E71 /* Frameworks */ = {
			isa = PBXFrameworksBuildPhase;
			buildActionMask = 2147483647;
			files = (
			);
			runOnlyForDeploymentPostprocessing = 0;
		};
		B65BB2AA24B2D98B005E5E71 /* Frameworks */ = {
			isa = PBXFrameworksBuildPhase;
			buildActionMask = 2147483647;
			files = (
			);
			runOnlyForDeploymentPostprocessing = 0;
		};
/* End PBXFrameworksBuildPhase section */

/* Begin PBXGroup section */
		55F2B8BDA3F76F60B8512DD2 /* Pods */ = {
			isa = PBXGroup;
			children = (
				EB9194421B074206BA960C3E /* Pods-MangaRead.debug.xcconfig */,
				9782A8E29E89E905EE7FF6B3 /* Pods-MangaRead.release.xcconfig */,
			);
			path = Pods;
			sourceTree = "<group>";
		};
		AAC1E486384F155063BD944B /* Frameworks */ = {
			isa = PBXGroup;
			children = (
				119AFB5FD851828A969D9234 /* Pods_MangaRead.framework */,
			);
			name = Frameworks;
			sourceTree = "<group>";
		};
		B65BB28224B2D98A005E5E71 = {
			isa = PBXGroup;
			children = (
				B65BB28D24B2D98A005E5E71 /* MangaRead */,
				B65BB2A524B2D98B005E5E71 /* MangaReadTests */,
				B65BB2B024B2D98B005E5E71 /* MangaReadUITests */,
				B65BB28C24B2D98A005E5E71 /* Products */,
				55F2B8BDA3F76F60B8512DD2 /* Pods */,
				AAC1E486384F155063BD944B /* Frameworks */,
			);
			sourceTree = "<group>";
		};
		B65BB28C24B2D98A005E5E71 /* Products */ = {
			isa = PBXGroup;
			children = (
				B65BB28B24B2D98A005E5E71 /* MangaRead.app */,
				B65BB2A224B2D98B005E5E71 /* MangaReadTests.xctest */,
				B65BB2AD24B2D98B005E5E71 /* MangaReadUITests.xctest */,
			);
			name = Products;
			sourceTree = "<group>";
		};
		B65BB28D24B2D98A005E5E71 /* MangaRead */ = {
			isa = PBXGroup;
			children = (
				B6AFEE8C24B436190045E970 /* View */,
				B6AFEE8A24B436090045E970 /* Model */,
				B65BB28E24B2D98A005E5E71 /* AppDelegate.swift */,
				B65BB29824B2D98B005E5E71 /* Assets.xcassets */,
				B65BB29A24B2D98B005E5E71 /* LaunchScreen.storyboard */,
				B65BB29D24B2D98B005E5E71 /* Info.plist */,
				B65BB29524B2D98A005E5E71 /* MangaRead.xcdatamodeld */,
			);
			path = MangaRead;
			sourceTree = "<group>";
		};
		B65BB2A524B2D98B005E5E71 /* MangaReadTests */ = {
			isa = PBXGroup;
			children = (
				B65BB2A624B2D98B005E5E71 /* MangaReadTests.swift */,
				B65BB2A824B2D98B005E5E71 /* Info.plist */,
			);
			path = MangaReadTests;
			sourceTree = "<group>";
		};
		B65BB2B024B2D98B005E5E71 /* MangaReadUITests */ = {
			isa = PBXGroup;
			children = (
				B65BB2B124B2D98B005E5E71 /* MangaReadUITests.swift */,
				B65BB2B324B2D98B005E5E71 /* Info.plist */,
			);
			path = MangaReadUITests;
			sourceTree = "<group>";
		};
		B6745B7024C5329000F667D1 /* Common */ = {
			isa = PBXGroup;
			children = (
				B65BC19324B4539400128D42 /* Global.swift */,
				B67CC38A24BC362D009705AA /* MangaCache.swift */,
				B65BB2BF24B2DCF7005E5E71 /* GetData.swift */,
			);
			path = Common;
			sourceTree = "<group>";
		};
		B6745B7124C532C000F667D1 /* Modules */ = {
			isa = PBXGroup;
			children = (
				B6745B7324C5335900F667D1 /* Main */,
				B6745B7424C533AD00F667D1 /* BookmarkAndRecent */,
				B6745B7524C534C500F667D1 /* Detail */,
				B6745B7724C5359100F667D1 /* Search */,
				B6745B7624C5350D00F667D1 /* Read */,
			);
			path = Modules;
			sourceTree = "<group>";
		};
		B6745B7224C532DB00F667D1 /* Components */ = {
			isa = PBXGroup;
			children = (
				B6CF8D0524B5AC6300EAE6F2 /* FooterCollectionReusableView.swift */,
				B6CF8D0324B5ABA900EAE6F2 /* HeaderCollectionReusableView.swift */,
				B65BC18F24B44E2200128D42 /* CollectionViewCell.swift */,
			);
			path = Components;
			sourceTree = "<group>";
		};
		B6745B7324C5335900F667D1 /* Main */ = {
			isa = PBXGroup;
			children = (
				B65BB29024B2D98A005E5E71 /* MainViewController.swift */,
			);
			path = Main;
			sourceTree = "<group>";
		};
		B6745B7424C533AD00F667D1 /* BookmarkAndRecent */ = {
			isa = PBXGroup;
			children = (
				B67CC38224BC0F8F009705AA /* TabReadingViewController.swift */,
				B67CC38424BC1132009705AA /* TabReadingCollectionViewCell.swift */,
			);
			path = BookmarkAndRecent;
			sourceTree = "<group>";
		};
		B6745B7524C534C500F667D1 /* Detail */ = {
			isa = PBXGroup;
			children = (
				B6CF8D0724B5D03E00EAE6F2 /* MangaDetailViewController.swift */,
				B6CF8D0924B5DEAE00EAE6F2 /* MangaDetailTableViewCell.swift */,
				B638BF3A24B6CBD7000FF7B8 /* ChapterListTableViewCell.swift */,
			);
			path = Detail;
			sourceTree = "<group>";
		};
		B6745B7624C5350D00F667D1 /* Read */ = {
			isa = PBXGroup;
			children = (
				B66C4F0D24B81A44005163E7 /* ReadViewController.swift */,
			);
			path = Read;
			sourceTree = "<group>";
		};
		B6745B7724C5359100F667D1 /* Search */ = {
			isa = PBXGroup;
			children = (
				B6745B7824C536EB00F667D1 /* SearchResult */,
				B67E5DD724BDA2010021A9B1 /* SearchViewController.swift */,
				B67E5DEA24BDC7900021A9B1 /* ReleaseYearViewController.swift */,
				B67E5DEC24BDC7A60021A9B1 /* GenreListViewController.swift */,
				B67E5DE224BDB8D40021A9B1 /* SearchTitleTableViewCell.swift */,
				B67E5DE424BDB9030021A9B1 /* SearchReleaseTableViewCell.swift */,
				B67E5DE624BDB92F0021A9B1 /* SearchGenreTableViewCell.swift */,
				B60B1E4324BEB76000402F04 /* SearchContentTableViewCell.swift */,
				B67E5DE824BDBA780021A9B1 /* SearchContentCollectionViewCell.swift */,
				B67E5DEF24BDCA170021A9B1 /* YearCollectionViewCell.swift */,
				B67E5DF124BDCA570021A9B1 /* GenreCollectionViewCell.swift */,
			);
			path = Search;
			sourceTree = "<group>";
		};
		B6745B7824C536EB00F667D1 /* SearchResult */ = {
			isa = PBXGroup;
			children = (
				B60B1E4524BF0EB900402F04 /* SearchResultViewController.swift */,
			);
			path = SearchResult;
			sourceTree = "<group>";
		};
		B6AFEE8A24B436090045E970 /* Model */ = {
			isa = PBXGroup;
			children = (
				B65BC19124B450B800128D42 /* Manga.swift */,
				B65BC19D24B483E100128D42 /* MangaDetail.swift */,
				B638BF4124B7320A000FF7B8 /* Chapter.swift */,
			);
			path = Model;
			sourceTree = "<group>";
		};
		B6AFEE8C24B436190045E970 /* View */ = {
			isa = PBXGroup;
			children = (
				B65BB29224B2D98A005E5E71 /* Main.storyboard */,
				B6745B7224C532DB00F667D1 /* Components */,
				B6745B7124C532C000F667D1 /* Modules */,
				B6745B7024C5329000F667D1 /* Common */,
			);
			path = View;
			sourceTree = "<group>";
		};
/* End PBXGroup section */

/* Begin PBXNativeTarget section */
		B65BB28A24B2D98A005E5E71 /* MangaRead */ = {
			isa = PBXNativeTarget;
			buildConfigurationList = B65BB2B624B2D98B005E5E71 /* Build configuration list for PBXNativeTarget "MangaRead" */;
			buildPhases = (
				1C52C67C8E56BE6B64D4B58C /* [CP] Check Pods Manifest.lock */,
				B65BB28724B2D98A005E5E71 /* Sources */,
				B65BB28824B2D98A005E5E71 /* Frameworks */,
				B65BB28924B2D98A005E5E71 /* Resources */,
				6CA98AEA2646100B3B88E30C /* [CP] Embed Pods Frameworks */,
			);
			buildRules = (
			);
			dependencies = (
			);
			name = MangaRead;
			productName = MangaRead;
			productReference = B65BB28B24B2D98A005E5E71 /* MangaRead.app */;
			productType = "com.apple.product-type.application";
		};
		B65BB2A124B2D98B005E5E71 /* MangaReadTests */ = {
			isa = PBXNativeTarget;
			buildConfigurationList = B65BB2B924B2D98B005E5E71 /* Build configuration list for PBXNativeTarget "MangaReadTests" */;
			buildPhases = (
				B65BB29E24B2D98B005E5E71 /* Sources */,
				B65BB29F24B2D98B005E5E71 /* Frameworks */,
				B65BB2A024B2D98B005E5E71 /* Resources */,
			);
			buildRules = (
			);
			dependencies = (
				B65BB2A424B2D98B005E5E71 /* PBXTargetDependency */,
			);
			name = MangaReadTests;
			productName = MangaReadTests;
			productReference = B65BB2A224B2D98B005E5E71 /* MangaReadTests.xctest */;
			productType = "com.apple.product-type.bundle.unit-test";
		};
		B65BB2AC24B2D98B005E5E71 /* MangaReadUITests */ = {
			isa = PBXNativeTarget;
			buildConfigurationList = B65BB2BC24B2D98B005E5E71 /* Build configuration list for PBXNativeTarget "MangaReadUITests" */;
			buildPhases = (
				B65BB2A924B2D98B005E5E71 /* Sources */,
				B65BB2AA24B2D98B005E5E71 /* Frameworks */,
				B65BB2AB24B2D98B005E5E71 /* Resources */,
			);
			buildRules = (
			);
			dependencies = (
				B65BB2AF24B2D98B005E5E71 /* PBXTargetDependency */,
			);
			name = MangaReadUITests;
			productName = MangaReadUITests;
			productReference = B65BB2AD24B2D98B005E5E71 /* MangaReadUITests.xctest */;
			productType = "com.apple.product-type.bundle.ui-testing";
		};
/* End PBXNativeTarget section */

/* Begin PBXProject section */
		B65BB28324B2D98A005E5E71 /* Project object */ = {
			isa = PBXProject;
			attributes = {
				LastSwiftUpdateCheck = 1030;
				LastUpgradeCheck = 1030;
				ORGANIZATIONNAME = gem;
				TargetAttributes = {
					B65BB28A24B2D98A005E5E71 = {
						CreatedOnToolsVersion = 10.3;
					};
					B65BB2A124B2D98B005E5E71 = {
						CreatedOnToolsVersion = 10.3;
						TestTargetID = B65BB28A24B2D98A005E5E71;
					};
					B65BB2AC24B2D98B005E5E71 = {
						CreatedOnToolsVersion = 10.3;
						TestTargetID = B65BB28A24B2D98A005E5E71;
					};
				};
			};
			buildConfigurationList = B65BB28624B2D98A005E5E71 /* Build configuration list for PBXProject "MangaRead" */;
			compatibilityVersion = "Xcode 9.3";
			developmentRegion = en;
			hasScannedForEncodings = 0;
			knownRegions = (
				en,
				Base,
			);
			mainGroup = B65BB28224B2D98A005E5E71;
			productRefGroup = B65BB28C24B2D98A005E5E71 /* Products */;
			projectDirPath = "";
			projectRoot = "";
			targets = (
				B65BB28A24B2D98A005E5E71 /* MangaRead */,
				B65BB2A124B2D98B005E5E71 /* MangaReadTests */,
				B65BB2AC24B2D98B005E5E71 /* MangaReadUITests */,
			);
		};
/* End PBXProject section */

/* Begin PBXResourcesBuildPhase section */
		B65BB28924B2D98A005E5E71 /* Resources */ = {
			isa = PBXResourcesBuildPhase;
			buildActionMask = 2147483647;
			files = (
				B65BB29C24B2D98B005E5E71 /* LaunchScreen.storyboard in Resources */,
				B65BB29924B2D98B005E5E71 /* Assets.xcassets in Resources */,
				B65BB29424B2D98A005E5E71 /* Main.storyboard in Resources */,
			);
			runOnlyForDeploymentPostprocessing = 0;
		};
		B65BB2A024B2D98B005E5E71 /* Resources */ = {
			isa = PBXResourcesBuildPhase;
			buildActionMask = 2147483647;
			files = (
			);
			runOnlyForDeploymentPostprocessing = 0;
		};
		B65BB2AB24B2D98B005E5E71 /* Resources */ = {
			isa = PBXResourcesBuildPhase;
			buildActionMask = 2147483647;
			files = (
			);
			runOnlyForDeploymentPostprocessing = 0;
		};
/* End PBXResourcesBuildPhase section */

/* Begin PBXShellScriptBuildPhase section */
		1C52C67C8E56BE6B64D4B58C /* [CP] Check Pods Manifest.lock */ = {
			isa = PBXShellScriptBuildPhase;
			buildActionMask = 2147483647;
			files = (
			);
			inputFileListPaths = (
			);
			inputPaths = (
				"${PODS_PODFILE_DIR_PATH}/Podfile.lock",
				"${PODS_ROOT}/Manifest.lock",
			);
			name = "[CP] Check Pods Manifest.lock";
			outputFileListPaths = (
			);
			outputPaths = (
				"$(DERIVED_FILE_DIR)/Pods-MangaRead-checkManifestLockResult.txt",
			);
			runOnlyForDeploymentPostprocessing = 0;
			shellPath = /bin/sh;
			shellScript = "diff \"${PODS_PODFILE_DIR_PATH}/Podfile.lock\" \"${PODS_ROOT}/Manifest.lock\" > /dev/null\nif [ $? != 0 ] ; then\n    # print error to STDERR\n    echo \"error: The sandbox is not in sync with the Podfile.lock. Run 'pod install' or update your CocoaPods installation.\" >&2\n    exit 1\nfi\n# This output is used by Xcode 'outputs' to avoid re-running this script phase.\necho \"SUCCESS\" > \"${SCRIPT_OUTPUT_FILE_0}\"\n";
			showEnvVarsInLog = 0;
		};
		6CA98AEA2646100B3B88E30C /* [CP] Embed Pods Frameworks */ = {
			isa = PBXShellScriptBuildPhase;
			buildActionMask = 2147483647;
			files = (
			);
			inputFileListPaths = (
				"${PODS_ROOT}/Target Support Files/Pods-MangaRead/Pods-MangaRead-frameworks-${CONFIGURATION}-input-files.xcfilelist",
			);
			name = "[CP] Embed Pods Frameworks";
			outputFileListPaths = (
				"${PODS_ROOT}/Target Support Files/Pods-MangaRead/Pods-MangaRead-frameworks-${CONFIGURATION}-output-files.xcfilelist",
			);
			runOnlyForDeploymentPostprocessing = 0;
			shellPath = /bin/sh;
			shellScript = "\"${PODS_ROOT}/Target Support Files/Pods-MangaRead/Pods-MangaRead-frameworks.sh\"\n";
			showEnvVarsInLog = 0;
		};
/* End PBXShellScriptBuildPhase section */

/* Begin PBXSourcesBuildPhase section */
		B65BB28724B2D98A005E5E71 /* Sources */ = {
			isa = PBXSourcesBuildPhase;
			buildActionMask = 2147483647;
			files = (
				B65BC19224B450B800128D42 /* Manga.swift in Sources */,
				B65BC19024B44E2200128D42 /* CollectionViewCell.swift in Sources */,
				B65BC19E24B483E100128D42 /* MangaDetail.swift in Sources */,
				B67E5DE724BDB92F0021A9B1 /* SearchGenreTableViewCell.swift in Sources */,
				B6CF8D0A24B5DEAE00EAE6F2 /* MangaDetailTableViewCell.swift in Sources */,
				B67E5DD824BDA2010021A9B1 /* SearchViewController.swift in Sources */,
				B638BF3B24B6CBD7000FF7B8 /* ChapterListTableViewCell.swift in Sources */,
				B67E5DF024BDCA170021A9B1 /* YearCollectionViewCell.swift in Sources */,
				B638BF4224B7320A000FF7B8 /* Chapter.swift in Sources */,
				B67E5DE924BDBA780021A9B1 /* SearchContentCollectionViewCell.swift in Sources */,
				B65BB29724B2D98A005E5E71 /* MangaRead.xcdatamodeld in Sources */,
				B65BB29124B2D98A005E5E71 /* MainViewController.swift in Sources */,
				B66C4F0E24B81A44005163E7 /* ReadViewController.swift in Sources */,
				B67E5DED24BDC7A60021A9B1 /* GenreListViewController.swift in Sources */,
				B65BC19424B4539400128D42 /* Global.swift in Sources */,
				B6CF8D0624B5AC6300EAE6F2 /* FooterCollectionReusableView.swift in Sources */,
				B60B1E4624BF0EB900402F04 /* SearchResultViewController.swift in Sources */,
				B67E5DF224BDCA570021A9B1 /* GenreCollectionViewCell.swift in Sources */,
				B65BB2C024B2DCF7005E5E71 /* GetData.swift in Sources */,
				B6CF8D0824B5D03E00EAE6F2 /* MangaDetailViewController.swift in Sources */,
				B6CF8D0424B5ABA900EAE6F2 /* HeaderCollectionReusableView.swift in Sources */,
				B67E5DE524BDB9030021A9B1 /* SearchReleaseTableViewCell.swift in Sources */,
				B67CC38324BC0F8F009705AA /* TabReadingViewController.swift in Sources */,
				B60B1E4424BEB76000402F04 /* SearchContentTableViewCell.swift in Sources */,
				B67E5DEB24BDC7900021A9B1 /* ReleaseYearViewController.swift in Sources */,
				B67E5DE324BDB8D40021A9B1 /* SearchTitleTableViewCell.swift in Sources */,
				B65BB28F24B2D98A005E5E71 /* AppDelegate.swift in Sources */,
				B67CC38B24BC362D009705AA /* MangaCache.swift in Sources */,
				B67CC38524BC1132009705AA /* TabReadingCollectionViewCell.swift in Sources */,
			);
			runOnlyForDeploymentPostprocessing = 0;
		};
		B65BB29E24B2D98B005E5E71 /* Sources */ = {
			isa = PBXSourcesBuildPhase;
			buildActionMask = 2147483647;
			files = (
				B65BB2A724B2D98B005E5E71 /* MangaReadTests.swift in Sources */,
			);
			runOnlyForDeploymentPostprocessing = 0;
		};
		B65BB2A924B2D98B005E5E71 /* Sources */ = {
			isa = PBXSourcesBuildPhase;
			buildActionMask = 2147483647;
			files = (
				B65BB2B224B2D98B005E5E71 /* MangaReadUITests.swift in Sources */,
			);
			runOnlyForDeploymentPostprocessing = 0;
		};
/* End PBXSourcesBuildPhase section */

/* Begin PBXTargetDependency section */
		B65BB2A424B2D98B005E5E71 /* PBXTargetDependency */ = {
			isa = PBXTargetDependency;
			target = B65BB28A24B2D98A005E5E71 /* MangaRead */;
			targetProxy = B65BB2A324B2D98B005E5E71 /* PBXContainerItemProxy */;
		};
		B65BB2AF24B2D98B005E5E71 /* PBXTargetDependency */ = {
			isa = PBXTargetDependency;
			target = B65BB28A24B2D98A005E5E71 /* MangaRead */;
			targetProxy = B65BB2AE24B2D98B005E5E71 /* PBXContainerItemProxy */;
		};
/* End PBXTargetDependency section */

/* Begin PBXVariantGroup section */
		B65BB29224B2D98A005E5E71 /* Main.storyboard */ = {
			isa = PBXVariantGroup;
			children = (
				B65BB29324B2D98A005E5E71 /* Base */,
			);
			name = Main.storyboard;
			sourceTree = "<group>";
		};
		B65BB29A24B2D98B005E5E71 /* LaunchScreen.storyboard */ = {
			isa = PBXVariantGroup;
			children = (
				B65BB29B24B2D98B005E5E71 /* Base */,
			);
			name = LaunchScreen.storyboard;
			sourceTree = "<group>";
		};
/* End PBXVariantGroup section */

/* Begin XCBuildConfiguration section */
		B65BB2B424B2D98B005E5E71 /* Debug */ = {
			isa = XCBuildConfiguration;
			buildSettings = {
				ALWAYS_SEARCH_USER_PATHS = NO;
				CLANG_ANALYZER_NONNULL = YES;
				CLANG_ANALYZER_NUMBER_OBJECT_CONVERSION = YES_AGGRESSIVE;
				CLANG_CXX_LANGUAGE_STANDARD = "gnu++14";
				CLANG_CXX_LIBRARY = "libc++";
				CLANG_ENABLE_MODULES = YES;
				CLANG_ENABLE_OBJC_ARC = YES;
				CLANG_ENABLE_OBJC_WEAK = YES;
				CLANG_WARN_BLOCK_CAPTURE_AUTORELEASING = YES;
				CLANG_WARN_BOOL_CONVERSION = YES;
				CLANG_WARN_COMMA = YES;
				CLANG_WARN_CONSTANT_CONVERSION = YES;
				CLANG_WARN_DEPRECATED_OBJC_IMPLEMENTATIONS = YES;
				CLANG_WARN_DIRECT_OBJC_ISA_USAGE = YES_ERROR;
				CLANG_WARN_DOCUMENTATION_COMMENTS = YES;
				CLANG_WARN_EMPTY_BODY = YES;
				CLANG_WARN_ENUM_CONVERSION = YES;
				CLANG_WARN_INFINITE_RECURSION = YES;
				CLANG_WARN_INT_CONVERSION = YES;
				CLANG_WARN_NON_LITERAL_NULL_CONVERSION = YES;
				CLANG_WARN_OBJC_IMPLICIT_RETAIN_SELF = YES;
				CLANG_WARN_OBJC_LITERAL_CONVERSION = YES;
				CLANG_WARN_OBJC_ROOT_CLASS = YES_ERROR;
				CLANG_WARN_RANGE_LOOP_ANALYSIS = YES;
				CLANG_WARN_STRICT_PROTOTYPES = YES;
				CLANG_WARN_SUSPICIOUS_MOVE = YES;
				CLANG_WARN_UNGUARDED_AVAILABILITY = YES_AGGRESSIVE;
				CLANG_WARN_UNREACHABLE_CODE = YES;
				CLANG_WARN__DUPLICATE_METHOD_MATCH = YES;
				CODE_SIGN_IDENTITY = "iPhone Developer";
				COPY_PHASE_STRIP = NO;
				DEBUG_INFORMATION_FORMAT = dwarf;
				ENABLE_STRICT_OBJC_MSGSEND = YES;
				ENABLE_TESTABILITY = YES;
				GCC_C_LANGUAGE_STANDARD = gnu11;
				GCC_DYNAMIC_NO_PIC = NO;
				GCC_NO_COMMON_BLOCKS = YES;
				GCC_OPTIMIZATION_LEVEL = 0;
				GCC_PREPROCESSOR_DEFINITIONS = (
					"DEBUG=1",
					"$(inherited)",
				);
				GCC_WARN_64_TO_32_BIT_CONVERSION = YES;
				GCC_WARN_ABOUT_RETURN_TYPE = YES_ERROR;
				GCC_WARN_UNDECLARED_SELECTOR = YES;
				GCC_WARN_UNINITIALIZED_AUTOS = YES_AGGRESSIVE;
				GCC_WARN_UNUSED_FUNCTION = YES;
				GCC_WARN_UNUSED_VARIABLE = YES;
				IPHONEOS_DEPLOYMENT_TARGET = 12.4;
				MTL_ENABLE_DEBUG_INFO = INCLUDE_SOURCE;
				MTL_FAST_MATH = YES;
				ONLY_ACTIVE_ARCH = YES;
				SDKROOT = iphoneos;
				SWIFT_ACTIVE_COMPILATION_CONDITIONS = DEBUG;
				SWIFT_OPTIMIZATION_LEVEL = "-Onone";
			};
			name = Debug;
		};
		B65BB2B524B2D98B005E5E71 /* Release */ = {
			isa = XCBuildConfiguration;
			buildSettings = {
				ALWAYS_SEARCH_USER_PATHS = NO;
				CLANG_ANALYZER_NONNULL = YES;
				CLANG_ANALYZER_NUMBER_OBJECT_CONVERSION = YES_AGGRESSIVE;
				CLANG_CXX_LANGUAGE_STANDARD = "gnu++14";
				CLANG_CXX_LIBRARY = "libc++";
				CLANG_ENABLE_MODULES = YES;
				CLANG_ENABLE_OBJC_ARC = YES;
				CLANG_ENABLE_OBJC_WEAK = YES;
				CLANG_WARN_BLOCK_CAPTURE_AUTORELEASING = YES;
				CLANG_WARN_BOOL_CONVERSION = YES;
				CLANG_WARN_COMMA = YES;
				CLANG_WARN_CONSTANT_CONVERSION = YES;
				CLANG_WARN_DEPRECATED_OBJC_IMPLEMENTATIONS = YES;
				CLANG_WARN_DIRECT_OBJC_ISA_USAGE = YES_ERROR;
				CLANG_WARN_DOCUMENTATION_COMMENTS = YES;
				CLANG_WARN_EMPTY_BODY = YES;
				CLANG_WARN_ENUM_CONVERSION = YES;
				CLANG_WARN_INFINITE_RECURSION = YES;
				CLANG_WARN_INT_CONVERSION = YES;
				CLANG_WARN_NON_LITERAL_NULL_CONVERSION = YES;
				CLANG_WARN_OBJC_IMPLICIT_RETAIN_SELF = YES;
				CLANG_WARN_OBJC_LITERAL_CONVERSION = YES;
				CLANG_WARN_OBJC_ROOT_CLASS = YES_ERROR;
				CLANG_WARN_RANGE_LOOP_ANALYSIS = YES;
				CLANG_WARN_STRICT_PROTOTYPES = YES;
				CLANG_WARN_SUSPICIOUS_MOVE = YES;
				CLANG_WARN_UNGUARDED_AVAILABILITY = YES_AGGRESSIVE;
				CLANG_WARN_UNREACHABLE_CODE = YES;
				CLANG_WARN__DUPLICATE_METHOD_MATCH = YES;
				CODE_SIGN_IDENTITY = "iPhone Developer";
				COPY_PHASE_STRIP = NO;
				DEBUG_INFORMATION_FORMAT = "dwarf-with-dsym";
				ENABLE_NS_ASSERTIONS = NO;
				ENABLE_STRICT_OBJC_MSGSEND = YES;
				GCC_C_LANGUAGE_STANDARD = gnu11;
				GCC_NO_COMMON_BLOCKS = YES;
				GCC_WARN_64_TO_32_BIT_CONVERSION = YES;
				GCC_WARN_ABOUT_RETURN_TYPE = YES_ERROR;
				GCC_WARN_UNDECLARED_SELECTOR = YES;
				GCC_WARN_UNINITIALIZED_AUTOS = YES_AGGRESSIVE;
				GCC_WARN_UNUSED_FUNCTION = YES;
				GCC_WARN_UNUSED_VARIABLE = YES;
				IPHONEOS_DEPLOYMENT_TARGET = 12.4;
				MTL_ENABLE_DEBUG_INFO = NO;
				MTL_FAST_MATH = YES;
				SDKROOT = iphoneos;
				SWIFT_COMPILATION_MODE = wholemodule;
				SWIFT_OPTIMIZATION_LEVEL = "-O";
				VALIDATE_PRODUCT = YES;
			};
			name = Release;
		};
		B65BB2B724B2D98B005E5E71 /* Debug */ = {
			isa = XCBuildConfiguration;
			baseConfigurationReference = EB9194421B074206BA960C3E /* Pods-MangaRead.debug.xcconfig */;
			buildSettings = {
				ASSETCATALOG_COMPILER_APPICON_NAME = AppIcon;
				CODE_SIGN_STYLE = Automatic;
				INFOPLIST_FILE = MangaRead/Info.plist;
				LD_RUNPATH_SEARCH_PATHS = (
					"$(inherited)",
					"@executable_path/Frameworks",
				);
				PRODUCT_BUNDLE_IDENTIFIER = gem.MangaRead;
				PRODUCT_NAME = "$(TARGET_NAME)";
				SWIFT_VERSION = 5.0;
				TARGETED_DEVICE_FAMILY = "1,2";
			};
			name = Debug;
		};
		B65BB2B824B2D98B005E5E71 /* Release */ = {
			isa = XCBuildConfiguration;
			baseConfigurationReference = 9782A8E29E89E905EE7FF6B3 /* Pods-MangaRead.release.xcconfig */;
			buildSettings = {
				ASSETCATALOG_COMPILER_APPICON_NAME = AppIcon;
				CODE_SIGN_STYLE = Automatic;
				INFOPLIST_FILE = MangaRead/Info.plist;
				LD_RUNPATH_SEARCH_PATHS = (
					"$(inherited)",
					"@executable_path/Frameworks",
				);
				PRODUCT_BUNDLE_IDENTIFIER = gem.MangaRead;
				PRODUCT_NAME = "$(TARGET_NAME)";
				SWIFT_VERSION = 5.0;
				TARGETED_DEVICE_FAMILY = "1,2";
			};
			name = Release;
		};
		B65BB2BA24B2D98B005E5E71 /* Debug */ = {
			isa = XCBuildConfiguration;
			buildSettings = {
				ALWAYS_EMBED_SWIFT_STANDARD_LIBRARIES = YES;
				BUNDLE_LOADER = "$(TEST_HOST)";
				CODE_SIGN_STYLE = Automatic;
				INFOPLIST_FILE = MangaReadTests/Info.plist;
				LD_RUNPATH_SEARCH_PATHS = (
					"$(inherited)",
					"@executable_path/Frameworks",
					"@loader_path/Frameworks",
				);
				PRODUCT_BUNDLE_IDENTIFIER = gem.MangaReadTests;
				PRODUCT_NAME = "$(TARGET_NAME)";
				SWIFT_VERSION = 5.0;
				TARGETED_DEVICE_FAMILY = "1,2";
				TEST_HOST = "$(BUILT_PRODUCTS_DIR)/MangaRead.app/MangaRead";
			};
			name = Debug;
		};
		B65BB2BB24B2D98B005E5E71 /* Release */ = {
			isa = XCBuildConfiguration;
			buildSettings = {
				ALWAYS_EMBED_SWIFT_STANDARD_LIBRARIES = YES;
				BUNDLE_LOADER = "$(TEST_HOST)";
				CODE_SIGN_STYLE = Automatic;
				INFOPLIST_FILE = MangaReadTests/Info.plist;
				LD_RUNPATH_SEARCH_PATHS = (
					"$(inherited)",
					"@executable_path/Frameworks",
					"@loader_path/Frameworks",
				);
				PRODUCT_BUNDLE_IDENTIFIER = gem.MangaReadTests;
				PRODUCT_NAME = "$(TARGET_NAME)";
				SWIFT_VERSION = 5.0;
				TARGETED_DEVICE_FAMILY = "1,2";
				TEST_HOST = "$(BUILT_PRODUCTS_DIR)/MangaRead.app/MangaRead";
			};
			name = Release;
		};
		B65BB2BD24B2D98B005E5E71 /* Debug */ = {
			isa = XCBuildConfiguration;
			buildSettings = {
				ALWAYS_EMBED_SWIFT_STANDARD_LIBRARIES = YES;
				CODE_SIGN_STYLE = Automatic;
				INFOPLIST_FILE = MangaReadUITests/Info.plist;
				LD_RUNPATH_SEARCH_PATHS = (
					"$(inherited)",
					"@executable_path/Frameworks",
					"@loader_path/Frameworks",
				);
				PRODUCT_BUNDLE_IDENTIFIER = gem.MangaReadUITests;
				PRODUCT_NAME = "$(TARGET_NAME)";
				SWIFT_VERSION = 5.0;
				TARGETED_DEVICE_FAMILY = "1,2";
				TEST_TARGET_NAME = MangaRead;
			};
			name = Debug;
		};
		B65BB2BE24B2D98B005E5E71 /* Release */ = {
			isa = XCBuildConfiguration;
			buildSettings = {
				ALWAYS_EMBED_SWIFT_STANDARD_LIBRARIES = YES;
				CODE_SIGN_STYLE = Automatic;
				INFOPLIST_FILE = MangaReadUITests/Info.plist;
				LD_RUNPATH_SEARCH_PATHS = (
					"$(inherited)",
					"@executable_path/Frameworks",
					"@loader_path/Frameworks",
				);
				PRODUCT_BUNDLE_IDENTIFIER = gem.MangaReadUITests;
				PRODUCT_NAME = "$(TARGET_NAME)";
				SWIFT_VERSION = 5.0;
				TARGETED_DEVICE_FAMILY = "1,2";
				TEST_TARGET_NAME = MangaRead;
			};
			name = Release;
		};
/* End XCBuildConfiguration section */

/* Begin XCConfigurationList section */
		B65BB28624B2D98A005E5E71 /* Build configuration list for PBXProject "MangaRead" */ = {
			isa = XCConfigurationList;
			buildConfigurations = (
				B65BB2B424B2D98B005E5E71 /* Debug */,
				B65BB2B524B2D98B005E5E71 /* Release */,
			);
			defaultConfigurationIsVisible = 0;
			defaultConfigurationName = Release;
		};
		B65BB2B624B2D98B005E5E71 /* Build configuration list for PBXNativeTarget "MangaRead" */ = {
			isa = XCConfigurationList;
			buildConfigurations = (
				B65BB2B724B2D98B005E5E71 /* Debug */,
				B65BB2B824B2D98B005E5E71 /* Release */,
			);
			defaultConfigurationIsVisible = 0;
			defaultConfigurationName = Release;
		};
		B65BB2B924B2D98B005E5E71 /* Build configuration list for PBXNativeTarget "MangaReadTests" */ = {
			isa = XCConfigurationList;
			buildConfigurations = (
				B65BB2BA24B2D98B005E5E71 /* Debug */,
				B65BB2BB24B2D98B005E5E71 /* Release */,
			);
			defaultConfigurationIsVisible = 0;
			defaultConfigurationName = Release;
		};
		B65BB2BC24B2D98B005E5E71 /* Build configuration list for PBXNativeTarget "MangaReadUITests" */ = {
			isa = XCConfigurationList;
			buildConfigurations = (
				B65BB2BD24B2D98B005E5E71 /* Debug */,
				B65BB2BE24B2D98B005E5E71 /* Release */,
			);
			defaultConfigurationIsVisible = 0;
			defaultConfigurationName = Release;
		};
/* End XCConfigurationList section */

/* Begin XCVersionGroup section */
		B65BB29524B2D98A005E5E71 /* MangaRead.xcdatamodeld */ = {
			isa = XCVersionGroup;
			children = (
				B65BB29624B2D98A005E5E71 /* MangaRead.xcdatamodel */,
			);
			currentVersion = B65BB29624B2D98A005E5E71 /* MangaRead.xcdatamodel */;
			path = MangaRead.xcdatamodeld;
			sourceTree = "<group>";
			versionGroupType = wrapper.xcdatamodel;
		};
/* End XCVersionGroup section */
	};
	rootObject = B65BB28324B2D98A005E5E71 /* Project object */;
}
